{
  "object": {
    "pins": [
      {
        "package": "AnalyticsInterfaces",
        "repositoryURL": "https://github.com/brunoccy/AnalyticsInterfaces",
        "state": {
          "branch": "main",
          "revision": "855c671df6f431e1050fcbde0fba825a6a20e74b",
          "version": null
        }
      },
      {
        "package": "Core",
        "repositoryURL": "https://github.com/brunoccy/Core",
        "state": {
          "branch": "main",
          "revision": "6f7915a6f5097f6a6dc718c81a024d06bf5a635e",
          "version": null
        }
      },
      {
        "package": "NetworkingPoc",
        "repositoryURL": "https://github.com/brunoccy/NetworkingPoc",
        "state": {
          "branch": "main",
          "revision": "7b068527c87737d918e543896e0a2a968d8ba2b5",
          "version": null
        }
      }
    ]
  },
  "version": 1
}
